
Microsoft Visual Studio Solution File, Format Version 12.00
# Visual Studio Version 17
VisualStudioVersion = 17.8.34330.188
MinimumVisualStudioVersion = 10.0.40219.1
Project("{FAE04EC0-301F-11D3-BF4B-00C04F79EFBC}") = "PCCleaner", "PCCleaner\PCCleaner.csproj", "{D71C0845-FF9E-4455-842D-B5558493F33D}"
EndProject
Global
	GlobalSection(SolutionConfigurationPlatforms) = preSolution
		Debug|Any CPU = Debug|Any CPU
		Release|Any CPU = Release|Any CPU
	EndGlobalSection
	GlobalSection(ProjectConfigurationPlatforms) = postSolution
		{D71C0845-FF9E-4455-842D-B5558493F33D}.Debug|Any CPU.ActiveCfg = Debug|Any CPU
		{D71C0845-FF9E-4455-842D-B5558493F33D}.Debug|Any CPU.Build.0 = Debug|Any CPU
		{D71C0845-FF9E-4455-842D-B5558493F33D}.Release|Any CPU.ActiveCfg = Release|Any CPU
		{D71C0845-FF9E-4455-842D-B5558493F33D}.Release|Any CPU.Build.0 = Release|Any CPU
	EndGlobalSection
	GlobalSection(SolutionProperties) = preSolution
		HideSolutionNode = FALSE
	EndGlobalSection
	GlobalSection(ExtensibilityGlobals) = postSolution
		SolutionGuid = {7523F21F-3B28-4533-9FF2-398E7A72B8A0}
	EndGlobalSection
EndGlobal
